
Microsoft Visual Studio Solution File, Format Version 12.00
# Visual Studio Version 16
VisualStudioVersion = 16.0.30523.141
MinimumVisualStudioVersion = 10.0.40219.1
Project("{8BC9CEB8-8B4A-11D0-8D11-00A0C91BC942}") = "C_Types_Hello_World_Client", "C_Types_Hello_World_Client\C_Types_Hello_World_Client.vcxproj", "{E11BE5AD-A589-424C-A1ED-6370CD3B172C}"
EndProject
Global
	GlobalSection(SolutionConfigurationPlatforms) = preSolution
		Debug|x64 = Debug|x64
		Debug|x86 = Debug|x86
		Release|x64 = Release|x64
		Release|x86 = Release|x86
	EndGlobalSection
	GlobalSection(ProjectConfigurationPlatforms) = postSolution
		{E11BE5AD-A589-424C-A1ED-6370CD3B172C}.Debug|x64.ActiveCfg = Debug|x64
		{E11BE5AD-A589-424C-A1ED-6370CD3B172C}.Debug|x64.Build.0 = Debug|x64
		{E11BE5AD-A589-424C-A1ED-6370CD3B172C}.Debug|x86.ActiveCfg = Debug|Win32
		{E11BE5AD-A589-424C-A1ED-6370CD3B172C}.Debug|x86.Build.0 = Debug|Win32
		{E11BE5AD-A589-424C-A1ED-6370CD3B172C}.Release|x64.ActiveCfg = Release|x64
		{E11BE5AD-A589-424C-A1ED-6370CD3B172C}.Release|x64.Build.0 = Release|x64
		{E11BE5AD-A589-424C-A1ED-6370CD3B172C}.Release|x86.ActiveCfg = Release|Win32
		{E11BE5AD-A589-424C-A1ED-6370CD3B172C}.Release|x86.Build.0 = Release|Win32
	EndGlobalSection
	GlobalSection(SolutionProperties) = preSolution
		HideSolutionNode = FALSE
	EndGlobalSection
	GlobalSection(ExtensibilityGlobals) = postSolution
		SolutionGuid = {FAA74E9B-1319-450C-A76C-37821F3D20DC}
	EndGlobalSection
EndGlobal
